// !$*UTF8*$!
{
	archiveVersion = 1;
	classes = {
	};
	objectVersion = 56;
	objects = {

/* Begin PBXBuildFile section */
		8E0C76812C91B0FD00A4355F /* WelcomeViewModel.swift in Sources */ = {isa = PBXBuildFile; fileRef = 8E0C76802C91B0FD00A4355F /* WelcomeViewModel.swift */; };
		8E0C76852C9229BF00A4355F /* AddNameView.swift in Sources */ = {isa = PBXBuildFile; fileRef = 8E0C76842C9229BF00A4355F /* AddNameView.swift */; };
		8E0C76872C922B6E00A4355F /* RegisterViewModel.swift in Sources */ = {isa = PBXBuildFile; fileRef = 8E0C76862C922B6E00A4355F /* RegisterViewModel.swift */; };
		8E0C76892C9232B200A4355F /* AddEmailView.swift in Sources */ = {isa = PBXBuildFile; fileRef = 8E0C76882C9232B200A4355F /* AddEmailView.swift */; };
		8E0C768B2C92338000A4355F /* AddPasswordView.swift in Sources */ = {isa = PBXBuildFile; fileRef = 8E0C768A2C92338000A4355F /* AddPasswordView.swift */; };
		8E0C768D2C923AC400A4355F /* ComplateView.swift in Sources */ = {isa = PBXBuildFile; fileRef = 8E0C768C2C923AC400A4355F /* ComplateView.swift */; };
		8E2780232C90ED94007E96FB /* ChatsAppApp.swift in Sources */ = {isa = PBXBuildFile; fileRef = 8E2780222C90ED94007E96FB /* ChatsAppApp.swift */; };
		8E2780272C90ED97007E96FB /* Assets.xcassets in Resources */ = {isa = PBXBuildFile; fileRef = 8E2780262C90ED97007E96FB /* Assets.xcassets */; };
		8E27802A2C90ED97007E96FB /* Preview Assets.xcassets in Resources */ = {isa = PBXBuildFile; fileRef = 8E2780292C90ED97007E96FB /* Preview Assets.xcassets */; };
		8E2780352C90EF38007E96FB /* WelcomeView.swift in Sources */ = {isa = PBXBuildFile; fileRef = 8E2780342C90EF38007E96FB /* WelcomeView.swift */; };
		8E2780372C90EF5D007E96FB /* LoginView.swift in Sources */ = {isa = PBXBuildFile; fileRef = 8E2780362C90EF5D007E96FB /* LoginView.swift */; };
		8E27803B2C90EF89007E96FB /* Validations.swift in Sources */ = {isa = PBXBuildFile; fileRef = 8E27803A2C90EF89007E96FB /* Validations.swift */; };
		8E2780402C90EFA6007E96FB /* LoginViewModel.swift in Sources */ = {isa = PBXBuildFile; fileRef = 8E27803F2C90EFA6007E96FB /* LoginViewModel.swift */; };
		8E45F2D42C94C3F5006F042E /* FirebaseAppCheck in Frameworks */ = {isa = PBXBuildFile; productRef = 8E45F2D32C94C3F5006F042E /* FirebaseAppCheck */; };
		8E45F2D62C94C3F5006F042E /* FirebaseAuth in Frameworks */ = {isa = PBXBuildFile; productRef = 8E45F2D52C94C3F5006F042E /* FirebaseAuth */; };
		8E45F2D82C94C3F5006F042E /* FirebaseAuthCombine-Community in Frameworks */ = {isa = PBXBuildFile; productRef = 8E45F2D72C94C3F5006F042E /* FirebaseAuthCombine-Community */; };
		8E45F2DA2C94C3F5006F042E /* FirebaseFirestore in Frameworks */ = {isa = PBXBuildFile; productRef = 8E45F2D92C94C3F5006F042E /* FirebaseFirestore */; };
		8E45F2DC2C94C3F5006F042E /* FirebaseFirestoreCombine-Community in Frameworks */ = {isa = PBXBuildFile; productRef = 8E45F2DB2C94C3F5006F042E /* FirebaseFirestoreCombine-Community */; };
		8E45F2DE2C94C3F5006F042E /* FirebaseStorage in Frameworks */ = {isa = PBXBuildFile; productRef = 8E45F2DD2C94C3F5006F042E /* FirebaseStorage */; };
		8E45F2E02C94C3F5006F042E /* FirebaseStorageCombine-Community in Frameworks */ = {isa = PBXBuildFile; productRef = 8E45F2DF2C94C3F5006F042E /* FirebaseStorageCombine-Community */; };
		8E45F2E32C94C428006F042E /* Users.swift in Sources */ = {isa = PBXBuildFile; fileRef = 8E45F2E22C94C428006F042E /* Users.swift */; };
		8E45F2E82C94C7FC006F042E /* GoogleService-Info.plist in Resources */ = {isa = PBXBuildFile; fileRef = 8E45F2E72C94C7FC006F042E /* GoogleService-Info.plist */; };
		8E45F2EA2C94D16D006F042E /* Extension.swift in Sources */ = {isa = PBXBuildFile; fileRef = 8E45F2E92C94D16D006F042E /* Extension.swift */; };
/* End PBXBuildFile section */

/* Begin PBXFileReference section */
		8E0C76802C91B0FD00A4355F /* WelcomeViewModel.swift */ = {isa = PBXFileReference; lastKnownFileType = sourcecode.swift; path = WelcomeViewModel.swift; sourceTree = "<group>"; };
		8E0C76842C9229BF00A4355F /* AddNameView.swift */ = {isa = PBXFileReference; lastKnownFileType = sourcecode.swift; path = AddNameView.swift; sourceTree = "<group>"; };
		8E0C76862C922B6E00A4355F /* RegisterViewModel.swift */ = {isa = PBXFileReference; lastKnownFileType = sourcecode.swift; path = RegisterViewModel.swift; sourceTree = "<group>"; };
		8E0C76882C9232B200A4355F /* AddEmailView.swift */ = {isa = PBXFileReference; lastKnownFileType = sourcecode.swift; path = AddEmailView.swift; sourceTree = "<group>"; };
		8E0C768A2C92338000A4355F /* AddPasswordView.swift */ = {isa = PBXFileReference; lastKnownFileType = sourcecode.swift; path = AddPasswordView.swift; sourceTree = "<group>"; };
		8E0C768C2C923AC400A4355F /* ComplateView.swift */ = {isa = PBXFileReference; lastKnownFileType = sourcecode.swift; path = ComplateView.swift; sourceTree = "<group>"; };
		8E27801F2C90ED94007E96FB /* ChatsApp.app */ = {isa = PBXFileReference; explicitFileType = wrapper.application; includeInIndex = 0; path = ChatsApp.app; sourceTree = BUILT_PRODUCTS_DIR; };
		8E2780222C90ED94007E96FB /* ChatsAppApp.swift */ = {isa = PBXFileReference; lastKnownFileType = sourcecode.swift; path = ChatsAppApp.swift; sourceTree = "<group>"; };
		8E2780262C90ED97007E96FB /* Assets.xcassets */ = {isa = PBXFileReference; lastKnownFileType = folder.assetcatalog; path = Assets.xcassets; sourceTree = "<group>"; };
		8E2780292C90ED97007E96FB /* Preview Assets.xcassets */ = {isa = PBXFileReference; lastKnownFileType = folder.assetcatalog; path = "Preview Assets.xcassets"; sourceTree = "<group>"; };
		8E2780342C90EF38007E96FB /* WelcomeView.swift */ = {isa = PBXFileReference; lastKnownFileType = sourcecode.swift; path = WelcomeView.swift; sourceTree = "<group>"; };
		8E2780362C90EF5D007E96FB /* LoginView.swift */ = {isa = PBXFileReference; lastKnownFileType = sourcecode.swift; path = LoginView.swift; sourceTree = "<group>"; };
		8E27803A2C90EF89007E96FB /* Validations.swift */ = {isa = PBXFileReference; fileEncoding = 4; lastKnownFileType = sourcecode.swift; path = Validations.swift; sourceTree = "<group>"; };
		8E27803F2C90EFA6007E96FB /* LoginViewModel.swift */ = {isa = PBXFileReference; fileEncoding = 4; lastKnownFileType = sourcecode.swift; path = LoginViewModel.swift; sourceTree = "<group>"; };
		8E45F2E22C94C428006F042E /* Users.swift */ = {isa = PBXFileReference; lastKnownFileType = sourcecode.swift; path = Users.swift; sourceTree = "<group>"; };
		8E45F2E72C94C7FC006F042E /* GoogleService-Info.plist */ = {isa = PBXFileReference; fileEncoding = 4; lastKnownFileType = text.plist.xml; path = "GoogleService-Info.plist"; sourceTree = "<group>"; };
		8E45F2E92C94D16D006F042E /* Extension.swift */ = {isa = PBXFileReference; fileEncoding = 4; lastKnownFileType = sourcecode.swift; path = Extension.swift; sourceTree = "<group>"; };
/* End PBXFileReference section */

/* Begin PBXFrameworksBuildPhase section */
		8E27801C2C90ED94007E96FB /* Frameworks */ = {
			isa = PBXFrameworksBuildPhase;
			buildActionMask = 2147483647;
			files = (
				8E45F2D42C94C3F5006F042E /* FirebaseAppCheck in Frameworks */,
				8E45F2E02C94C3F5006F042E /* FirebaseStorageCombine-Community in Frameworks */,
				8E45F2DA2C94C3F5006F042E /* FirebaseFirestore in Frameworks */,
				8E45F2D82C94C3F5006F042E /* FirebaseAuthCombine-Community in Frameworks */,
				8E45F2DC2C94C3F5006F042E /* FirebaseFirestoreCombine-Community in Frameworks */,
				8E45F2D62C94C3F5006F042E /* FirebaseAuth in Frameworks */,
				8E45F2DE2C94C3F5006F042E /* FirebaseStorage in Frameworks */,
			);
			runOnlyForDeploymentPostprocessing = 0;
		};
/* End PBXFrameworksBuildPhase section */

/* Begin PBXGroup section */
		8E2780162C90ED94007E96FB = {
			isa = PBXGroup;
			children = (
				8E2780212C90ED94007E96FB /* ChatsApp */,
				8E2780202C90ED94007E96FB /* Products */,
			);
			sourceTree = "<group>";
		};
		8E2780202C90ED94007E96FB /* Products */ = {
			isa = PBXGroup;
			children = (
				8E27801F2C90ED94007E96FB /* ChatsApp.app */,
			);
			name = Products;
			sourceTree = "<group>";
		};
		8E2780212C90ED94007E96FB /* ChatsApp */ = {
			isa = PBXGroup;
			children = (
				8E45F2E42C94C5A2006F042E /* Service */,
				8E45F2E12C94C419006F042E /* Models */,
				8E2780412C90EFAD007E96FB /* Components */,
				8E27803C2C90EF97007E96FB /* ViewModels */,
				8E2780302C90EE6F007E96FB /* Views */,
				8E2780332C90EF23007E96FB /* Others */,
				8E2780282C90ED97007E96FB /* Preview Content */,
			);
			path = ChatsApp;
			sourceTree = "<group>";
		};
		8E2780282C90ED97007E96FB /* Preview Content */ = {
			isa = PBXGroup;
			children = (
				8E2780292C90ED97007E96FB /* Preview Assets.xcassets */,
			);
			path = "Preview Content";
			sourceTree = "<group>";
		};
		8E2780302C90EE6F007E96FB /* Views */ = {
			isa = PBXGroup;
			children = (
				8E2780342C90EF38007E96FB /* WelcomeView.swift */,
				8E2780362C90EF5D007E96FB /* LoginView.swift */,
				8E0C76842C9229BF00A4355F /* AddNameView.swift */,
				8E0C76882C9232B200A4355F /* AddEmailView.swift */,
				8E0C768A2C92338000A4355F /* AddPasswordView.swift */,
				8E0C768C2C923AC400A4355F /* ComplateView.swift */,
			);
			path = Views;
			sourceTree = "<group>";
		};
		8E2780332C90EF23007E96FB /* Others */ = {
			isa = PBXGroup;
			children = (
				8E2780222C90ED94007E96FB /* ChatsAppApp.swift */,
				8E2780262C90ED97007E96FB /* Assets.xcassets */,
				8E27803A2C90EF89007E96FB /* Validations.swift */,
				8E45F2E72C94C7FC006F042E /* GoogleService-Info.plist */,
				8E45F2E92C94D16D006F042E /* Extension.swift */,
			);
			path = Others;
			sourceTree = "<group>";
		};
		8E27803C2C90EF97007E96FB /* ViewModels */ = {
			isa = PBXGroup;
			children = (
				8E27803F2C90EFA6007E96FB /* LoginViewModel.swift */,
				8E0C76802C91B0FD00A4355F /* WelcomeViewModel.swift */,
				8E0C76862C922B6E00A4355F /* RegisterViewModel.swift */,
			);
			path = ViewModels;
			sourceTree = "<group>";
		};
		8E2780412C90EFAD007E96FB /* Components */ = {
			isa = PBXGroup;
			children = (
			);
			path = Components;
			sourceTree = "<group>";
		};
		8E45F2E12C94C419006F042E /* Models */ = {
			isa = PBXGroup;
			children = (
				8E45F2E22C94C428006F042E /* Users.swift */,
			);
			path = Models;
			sourceTree = "<group>";
		};
		8E45F2E42C94C5A2006F042E /* Service */ = {
			isa = PBXGroup;
			children = (
			);
			path = Service;
			sourceTree = "<group>";
		};
/* End PBXGroup section */

/* Begin PBXNativeTarget section */
		8E27801E2C90ED94007E96FB /* ChatsApp */ = {
			isa = PBXNativeTarget;
			buildConfigurationList = 8E27802D2C90ED97007E96FB /* Build configuration list for PBXNativeTarget "ChatsApp" */;
			buildPhases = (
				8E27801B2C90ED94007E96FB /* Sources */,
				8E27801C2C90ED94007E96FB /* Frameworks */,
				8E27801D2C90ED94007E96FB /* Resources */,
			);
			buildRules = (
			);
			dependencies = (
			);
			name = ChatsApp;
			packageProductDependencies = (
				8E45F2D32C94C3F5006F042E /* FirebaseAppCheck */,
				8E45F2D52C94C3F5006F042E /* FirebaseAuth */,
				8E45F2D72C94C3F5006F042E /* FirebaseAuthCombine-Community */,
				8E45F2D92C94C3F5006F042E /* FirebaseFirestore */,
				8E45F2DB2C94C3F5006F042E /* FirebaseFirestoreCombine-Community */,
				8E45F2DD2C94C3F5006F042E /* FirebaseStorage */,
				8E45F2DF2C94C3F5006F042E /* FirebaseStorageCombine-Community */,
			);
			productName = ChatsApp;
			productReference = 8E27801F2C90ED94007E96FB /* ChatsApp.app */;
			productType = "com.apple.product-type.application";
		};
/* End PBXNativeTarget section */

/* Begin PBXProject section */
		8E2780172C90ED94007E96FB /* Project object */ = {
			isa = PBXProject;
			attributes = {
				BuildIndependentTargetsInParallel = 1;
				LastSwiftUpdateCheck = 1540;
				LastUpgradeCheck = 1540;
				TargetAttributes = {
					8E27801E2C90ED94007E96FB = {
						CreatedOnToolsVersion = 15.4;
					};
				};
			};
			buildConfigurationList = 8E27801A2C90ED94007E96FB /* Build configuration list for PBXProject "ChatsApp" */;
			compatibilityVersion = "Xcode 14.0";
			developmentRegion = en;
			hasScannedForEncodings = 0;
			knownRegions = (
				en,
				Base,
			);
			mainGroup = 8E2780162C90ED94007E96FB;
			packageReferences = (
				8E45F2D22C94C3F5006F042E /* XCRemoteSwiftPackageReference "firebase-ios-sdk" */,
			);
			productRefGroup = 8E2780202C90ED94007E96FB /* Products */;
			projectDirPath = "";
			projectRoot = "";
			targets = (
				8E27801E2C90ED94007E96FB /* ChatsApp */,
			);
		};
/* End PBXProject section */

/* Begin PBXResourcesBuildPhase section */
		8E27801D2C90ED94007E96FB /* Resources */ = {
			isa = PBXResourcesBuildPhase;
			buildActionMask = 2147483647;
			files = (
				8E27802A2C90ED97007E96FB /* Preview Assets.xcassets in Resources */,
				8E2780272C90ED97007E96FB /* Assets.xcassets in Resources */,
				8E45F2E82C94C7FC006F042E /* GoogleService-Info.plist in Resources */,
			);
			runOnlyForDeploymentPostprocessing = 0;
		};
/* End PBXResourcesBuildPhase section */

/* Begin PBXSourcesBuildPhase section */
		8E27801B2C90ED94007E96FB /* Sources */ = {
			isa = PBXSourcesBuildPhase;
			buildActionMask = 2147483647;
			files = (
				8E2780372C90EF5D007E96FB /* LoginView.swift in Sources */,
				8E0C76852C9229BF00A4355F /* AddNameView.swift in Sources */,
				8E0C768D2C923AC400A4355F /* ComplateView.swift in Sources */,
				8E0C76812C91B0FD00A4355F /* WelcomeViewModel.swift in Sources */,
				8E45F2E32C94C428006F042E /* Users.swift in Sources */,
				8E0C76872C922B6E00A4355F /* RegisterViewModel.swift in Sources */,
				8E2780232C90ED94007E96FB /* ChatsAppApp.swift in Sources */,
				8E0C768B2C92338000A4355F /* AddPasswordView.swift in Sources */,
				8E2780352C90EF38007E96FB /* WelcomeView.swift in Sources */,
				8E45F2EA2C94D16D006F042E /* Extension.swift in Sources */,
				8E0C76892C9232B200A4355F /* AddEmailView.swift in Sources */,
				8E27803B2C90EF89007E96FB /* Validations.swift in Sources */,
				8E2780402C90EFA6007E96FB /* LoginViewModel.swift in Sources */,
			);
			runOnlyForDeploymentPostprocessing = 0;
		};
/* End PBXSourcesBuildPhase section */

/* Begin XCBuildConfiguration section */
		8E27802B2C90ED97007E96FB /* Debug */ = {
			isa = XCBuildConfiguration;
			buildSettings = {
				ALWAYS_SEARCH_USER_PATHS = NO;
				ASSETCATALOG_COMPILER_GENERATE_SWIFT_ASSET_SYMBOL_EXTENSIONS = YES;
				CLANG_ANALYZER_NONNULL = YES;
				CLANG_ANALYZER_NUMBER_OBJECT_CONVERSION = YES_AGGRESSIVE;
				CLANG_CXX_LANGUAGE_STANDARD = "gnu++20";
				CLANG_ENABLE_MODULES = YES;
				CLANG_ENABLE_OBJC_ARC = YES;
				CLANG_ENABLE_OBJC_WEAK = YES;
				CLANG_WARN_BLOCK_CAPTURE_AUTORELEASING = YES;
				CLANG_WARN_BOOL_CONVERSION = YES;
				CLANG_WARN_COMMA = YES;
				CLANG_WARN_CONSTANT_CONVERSION = YES;
				CLANG_WARN_DEPRECATED_OBJC_IMPLEMENTATIONS = YES;
				CLANG_WARN_DIRECT_OBJC_ISA_USAGE = YES_ERROR;
				CLANG_WARN_DOCUMENTATION_COMMENTS = YES;
				CLANG_WARN_EMPTY_BODY = YES;
				CLANG_WARN_ENUM_CONVERSION = YES;
				CLANG_WARN_INFINITE_RECURSION = YES;
				CLANG_WARN_INT_CONVERSION = YES;
				CLANG_WARN_NON_LITERAL_NULL_CONVERSION = YES;
				CLANG_WARN_OBJC_IMPLICIT_RETAIN_SELF = YES;
				CLANG_WARN_OBJC_LITERAL_CONVERSION = YES;
				CLANG_WARN_OBJC_ROOT_CLASS = YES_ERROR;
				CLANG_WARN_QUOTED_INCLUDE_IN_FRAMEWORK_HEADER = YES;
				CLANG_WARN_RANGE_LOOP_ANALYSIS = YES;
				CLANG_WARN_STRICT_PROTOTYPES = YES;
				CLANG_WARN_SUSPICIOUS_MOVE = YES;
				CLANG_WARN_UNGUARDED_AVAILABILITY = YES_AGGRESSIVE;
				CLANG_WARN_UNREACHABLE_CODE = YES;
				CLANG_WARN__DUPLICATE_METHOD_MATCH = YES;
				COPY_PHASE_STRIP = NO;
				DEBUG_INFORMATION_FORMAT = dwarf;
				ENABLE_STRICT_OBJC_MSGSEND = YES;
				ENABLE_TESTABILITY = YES;
				ENABLE_USER_SCRIPT_SANDBOXING = YES;
				GCC_C_LANGUAGE_STANDARD = gnu17;
				GCC_DYNAMIC_NO_PIC = NO;
				GCC_NO_COMMON_BLOCKS = YES;
				GCC_OPTIMIZATION_LEVEL = 0;
				GCC_PREPROCESSOR_DEFINITIONS = (
					"DEBUG=1",
					"$(inherited)",
				);
				GCC_WARN_64_TO_32_BIT_CONVERSION = YES;
				GCC_WARN_ABOUT_RETURN_TYPE = YES_ERROR;
				GCC_WARN_UNDECLARED_SELECTOR = YES;
				GCC_WARN_UNINITIALIZED_AUTOS = YES_AGGRESSIVE;
				GCC_WARN_UNUSED_FUNCTION = YES;
				GCC_WARN_UNUSED_VARIABLE = YES;
				IPHONEOS_DEPLOYMENT_TARGET = 17.5;
				LOCALIZATION_PREFERS_STRING_CATALOGS = YES;
				MTL_ENABLE_DEBUG_INFO = INCLUDE_SOURCE;
				MTL_FAST_MATH = YES;
				ONLY_ACTIVE_ARCH = YES;
				SDKROOT = iphoneos;
				SWIFT_ACTIVE_COMPILATION_CONDITIONS = "DEBUG $(inherited)";
				SWIFT_OPTIMIZATION_LEVEL = "-Onone";
			};
			name = Debug;
		};
		8E27802C2C90ED97007E96FB /* Release */ = {
			isa = XCBuildConfiguration;
			buildSettings = {
				ALWAYS_SEARCH_USER_PATHS = NO;
				ASSETCATALOG_COMPILER_GENERATE_SWIFT_ASSET_SYMBOL_EXTENSIONS = YES;
				CLANG_ANALYZER_NONNULL = YES;
				CLANG_ANALYZER_NUMBER_OBJECT_CONVERSION = YES_AGGRESSIVE;
				CLANG_CXX_LANGUAGE_STANDARD = "gnu++20";
				CLANG_ENABLE_MODULES = YES;
				CLANG_ENABLE_OBJC_ARC = YES;
				CLANG_ENABLE_OBJC_WEAK = YES;
				CLANG_WARN_BLOCK_CAPTURE_AUTORELEASING = YES;
				CLANG_WARN_BOOL_CONVERSION = YES;
				CLANG_WARN_COMMA = YES;
				CLANG_WARN_CONSTANT_CONVERSION = YES;
				CLANG_WARN_DEPRECATED_OBJC_IMPLEMENTATIONS = YES;
				CLANG_WARN_DIRECT_OBJC_ISA_USAGE = YES_ERROR;
				CLANG_WARN_DOCUMENTATION_COMMENTS = YES;
				CLANG_WARN_EMPTY_BODY = YES;
				CLANG_WARN_ENUM_CONVERSION = YES;
				CLANG_WARN_INFINITE_RECURSION = YES;
				CLANG_WARN_INT_CONVERSION = YES;
				CLANG_WARN_NON_LITERAL_NULL_CONVERSION = YES;
				CLANG_WARN_OBJC_IMPLICIT_RETAIN_SELF = YES;
				CLANG_WARN_OBJC_LITERAL_CONVERSION = YES;
				CLANG_WARN_OBJC_ROOT_CLASS = YES_ERROR;
				CLANG_WARN_QUOTED_INCLUDE_IN_FRAMEWORK_HEADER = YES;
				CLANG_WARN_RANGE_LOOP_ANALYSIS = YES;
				CLANG_WARN_STRICT_PROTOTYPES = YES;
				CLANG_WARN_SUSPICIOUS_MOVE = YES;
				CLANG_WARN_UNGUARDED_AVAILABILITY = YES_AGGRESSIVE;
				CLANG_WARN_UNREACHABLE_CODE = YES;
				CLANG_WARN__DUPLICATE_METHOD_MATCH = YES;
				COPY_PHASE_STRIP = NO;
				DEBUG_INFORMATION_FORMAT = "dwarf-with-dsym";
				ENABLE_NS_ASSERTIONS = NO;
				ENABLE_STRICT_OBJC_MSGSEND = YES;
				ENABLE_USER_SCRIPT_SANDBOXING = YES;
				GCC_C_LANGUAGE_STANDARD = gnu17;
				GCC_NO_COMMON_BLOCKS = YES;
				GCC_WARN_64_TO_32_BIT_CONVERSION = YES;
				GCC_WARN_ABOUT_RETURN_TYPE = YES_ERROR;
				GCC_WARN_UNDECLARED_SELECTOR = YES;
				GCC_WARN_UNINITIALIZED_AUTOS = YES_AGGRESSIVE;
				GCC_WARN_UNUSED_FUNCTION = YES;
				GCC_WARN_UNUSED_VARIABLE = YES;
				IPHONEOS_DEPLOYMENT_TARGET = 17.5;
				LOCALIZATION_PREFERS_STRING_CATALOGS = YES;
				MTL_ENABLE_DEBUG_INFO = NO;
				MTL_FAST_MATH = YES;
				SDKROOT = iphoneos;
				SWIFT_COMPILATION_MODE = wholemodule;
				VALIDATE_PRODUCT = YES;
			};
			name = Release;
		};
		8E27802E2C90ED97007E96FB /* Debug */ = {
			isa = XCBuildConfiguration;
			buildSettings = {
				ASSETCATALOG_COMPILER_APPICON_NAME = AppIcon;
				ASSETCATALOG_COMPILER_GLOBAL_ACCENT_COLOR_NAME = AccentColor;
				CODE_SIGN_STYLE = Automatic;
				CURRENT_PROJECT_VERSION = 1;
				DEVELOPMENT_ASSET_PATHS = "\"ChatsApp/Preview Content\"";
				DEVELOPMENT_TEAM = MT88NC37A3;
				ENABLE_PREVIEWS = YES;
				GENERATE_INFOPLIST_FILE = YES;
				INFOPLIST_KEY_UIApplicationSceneManifest_Generation = YES;
				INFOPLIST_KEY_UIApplicationSupportsIndirectInputEvents = YES;
				INFOPLIST_KEY_UILaunchScreen_Generation = YES;
				INFOPLIST_KEY_UISupportedInterfaceOrientations_iPad = "UIInterfaceOrientationPortrait UIInterfaceOrientationPortraitUpsideDown UIInterfaceOrientationLandscapeLeft UIInterfaceOrientationLandscapeRight";
				INFOPLIST_KEY_UISupportedInterfaceOrientations_iPhone = "UIInterfaceOrientationPortrait UIInterfaceOrientationLandscapeLeft UIInterfaceOrientationLandscapeRight";
				LD_RUNPATH_SEARCH_PATHS = (
					"$(inherited)",
					"@executable_path/Frameworks",
				);
				MARKETING_VERSION = 1.0;
				PRODUCT_BUNDLE_IDENTIFIER = com.olmezsesmustafa.ChatsApp;
				PRODUCT_NAME = "$(TARGET_NAME)";
				SWIFT_EMIT_LOC_STRINGS = YES;
				SWIFT_VERSION = 5.0;
				TARGETED_DEVICE_FAMILY = "1,2";
			};
			name = Debug;
		};
		8E27802F2C90ED97007E96FB /* Release */ = {
			isa = XCBuildConfiguration;
			buildSettings = {
				ASSETCATALOG_COMPILER_APPICON_NAME = AppIcon;
				ASSETCATALOG_COMPILER_GLOBAL_ACCENT_COLOR_NAME = AccentColor;
				CODE_SIGN_STYLE = Automatic;
				CURRENT_PROJECT_VERSION = 1;
				DEVELOPMENT_ASSET_PATHS = "\"ChatsApp/Preview Content\"";
				DEVELOPMENT_TEAM = MT88NC37A3;
				ENABLE_PREVIEWS = YES;
				GENERATE_INFOPLIST_FILE = YES;
				INFOPLIST_KEY_UIApplicationSceneManifest_Generation = YES;
				INFOPLIST_KEY_UIApplicationSupportsIndirectInputEvents = YES;
				INFOPLIST_KEY_UILaunchScreen_Generation = YES;
				INFOPLIST_KEY_UISupportedInterfaceOrientations_iPad = "UIInterfaceOrientationPortrait UIInterfaceOrientationPortraitUpsideDown UIInterfaceOrientationLandscapeLeft UIInterfaceOrientationLandscapeRight";
				INFOPLIST_KEY_UISupportedInterfaceOrientations_iPhone = "UIInterfaceOrientationPortrait UIInterfaceOrientationLandscapeLeft UIInterfaceOrientationLandscapeRight";
				LD_RUNPATH_SEARCH_PATHS = (
					"$(inherited)",
					"@executable_path/Frameworks",
				);
				MARKETING_VERSION = 1.0;
				PRODUCT_BUNDLE_IDENTIFIER = com.olmezsesmustafa.ChatsApp;
				PRODUCT_NAME = "$(TARGET_NAME)";
				SWIFT_EMIT_LOC_STRINGS = YES;
				SWIFT_VERSION = 5.0;
				TARGETED_DEVICE_FAMILY = "1,2";
			};
			name = Release;
		};
/* End XCBuildConfiguration section */

/* Begin XCConfigurationList section */
		8E27801A2C90ED94007E96FB /* Build configuration list for PBXProject "ChatsApp" */ = {
			isa = XCConfigurationList;
			buildConfigurations = (
				8E27802B2C90ED97007E96FB /* Debug */,
				8E27802C2C90ED97007E96FB /* Release */,
			);
			defaultConfigurationIsVisible = 0;
			defaultConfigurationName = Release;
		};
		8E27802D2C90ED97007E96FB /* Build configuration list for PBXNativeTarget "ChatsApp" */ = {
			isa = XCConfigurationList;
			buildConfigurations = (
				8E27802E2C90ED97007E96FB /* Debug */,
				8E27802F2C90ED97007E96FB /* Release */,
			);
			defaultConfigurationIsVisible = 0;
			defaultConfigurationName = Release;
		};
/* End XCConfigurationList section */

/* Begin XCRemoteSwiftPackageReference section */
		8E45F2D22C94C3F5006F042E /* XCRemoteSwiftPackageReference "firebase-ios-sdk" */ = {
			isa = XCRemoteSwiftPackageReference;
			repositoryURL = "https://github.com/firebase/firebase-ios-sdk";
			requirement = {
				kind = upToNextMajorVersion;
				minimumVersion = 11.2.0;
			};
		};
/* End XCRemoteSwiftPackageReference section */

/* Begin XCSwiftPackageProductDependency section */
		8E45F2D32C94C3F5006F042E /* FirebaseAppCheck */ = {
			isa = XCSwiftPackageProductDependency;
			package = 8E45F2D22C94C3F5006F042E /* XCRemoteSwiftPackageReference "firebase-ios-sdk" */;
			productName = FirebaseAppCheck;
		};
		8E45F2D52C94C3F5006F042E /* FirebaseAuth */ = {
			isa = XCSwiftPackageProductDependency;
			package = 8E45F2D22C94C3F5006F042E /* XCRemoteSwiftPackageReference "firebase-ios-sdk" */;
			productName = FirebaseAuth;
		};
		8E45F2D72C94C3F5006F042E /* FirebaseAuthCombine-Community */ = {
			isa = XCSwiftPackageProductDependency;
			package = 8E45F2D22C94C3F5006F042E /* XCRemoteSwiftPackageReference "firebase-ios-sdk" */;
			productName = "FirebaseAuthCombine-Community";
		};
		8E45F2D92C94C3F5006F042E /* FirebaseFirestore */ = {
			isa = XCSwiftPackageProductDependency;
			package = 8E45F2D22C94C3F5006F042E /* XCRemoteSwiftPackageReference "firebase-ios-sdk" */;
			productName = FirebaseFirestore;
		};
		8E45F2DB2C94C3F5006F042E /* FirebaseFirestoreCombine-Community */ = {
			isa = XCSwiftPackageProductDependency;
			package = 8E45F2D22C94C3F5006F042E /* XCRemoteSwiftPackageReference "firebase-ios-sdk" */;
			productName = "FirebaseFirestoreCombine-Community";
		};
		8E45F2DD2C94C3F5006F042E /* FirebaseStorage */ = {
			isa = XCSwiftPackageProductDependency;
			package = 8E45F2D22C94C3F5006F042E /* XCRemoteSwiftPackageReference "firebase-ios-sdk" */;
			productName = FirebaseStorage;
		};
		8E45F2DF2C94C3F5006F042E /* FirebaseStorageCombine-Community */ = {
			isa = XCSwiftPackageProductDependency;
			package = 8E45F2D22C94C3F5006F042E /* XCRemoteSwiftPackageReference "firebase-ios-sdk" */;
			productName = "FirebaseStorageCombine-Community";
		};
/* End XCSwiftPackageProductDependency section */
	};
	rootObject = 8E2780172C90ED94007E96FB /* Project object */;
}
